
Microsoft Visual Studio Solution File, Format Version 12.00
# Visual Studio Version 17
VisualStudioVersion = 17.6.33723.286
MinimumVisualStudioVersion = 10.0.40219.1
Project("{FAE04EC0-301F-11D3-BF4B-00C04F79EFBC}") = "SPW", "SPW\SPW.csproj", "{330CD3C2-318A-46A4-9816-DEE80B97E228}"
EndProject
Global
	GlobalSection(SolutionConfigurationPlatforms) = preSolution
		Debug|Any CPU = Debug|Any CPU
		Release|Any CPU = Release|Any CPU
	EndGlobalSection
	GlobalSection(ProjectConfigurationPlatforms) = postSolution
		{330CD3C2-318A-46A4-9816-DEE80B97E228}.Debug|Any CPU.ActiveCfg = Debug|Any CPU
		{330CD3C2-318A-46A4-9816-DEE80B97E228}.Debug|Any CPU.Build.0 = Debug|Any CPU
		{330CD3C2-318A-46A4-9816-DEE80B97E228}.Release|Any CPU.ActiveCfg = Release|Any CPU
		{330CD3C2-318A-46A4-9816-DEE80B97E228}.Release|Any CPU.Build.0 = Release|Any CPU
	EndGlobalSection
	GlobalSection(SolutionProperties) = preSolution
		HideSolutionNode = FALSE
	EndGlobalSection
	GlobalSection(ExtensibilityGlobals) = postSolution
		SolutionGuid = {25CB485C-A980-4CE4-9774-B4917186040B}
	EndGlobalSection
EndGlobal
